
Microsoft Visual Studio Solution File, Format Version 12.00
# Visual Studio Version 16
VisualStudioVersion = 16.0.29519.87
MinimumVisualStudioVersion = 10.0.40219.1
Project("{8BC9CEB8-8B4A-11D0-8D11-00A0C91BC942}") = "d912pxy", "d912pxy\d912pxy.vcxproj", "{C5692CFC-8085-429F-AB8F-53E282189AB6}"
EndProject
Project("{8BC9CEB8-8B4A-11D0-8D11-00A0C91BC942}") = "P7ClientLib", "thirdparty\p7logger\Sources\P7ClientLib.vcxproj", "{25B1AEC5-FF79-475B-AFA2-1936B7797005}"
EndProject
Global
	GlobalSection(SolutionConfigurationPlatforms) = preSolution
		Debug|Win32 = Debug|Win32
		Debug|x64 = Debug|x64
		Debug|x86 = Debug|x86
		Release_avx|Win32 = Release_avx|Win32
		Release_avx|x64 = Release_avx|x64
		Release_avx|x86 = Release_avx|x86
		Release_avx2|Win32 = Release_avx2|Win32
		Release_avx2|x64 = Release_avx2|x64
		Release_avx2|x86 = Release_avx2|x86
		Release_d|Win32 = Release_d|Win32
		Release_d|x64 = Release_d|x64
		Release_d|x86 = Release_d|x86
		Release_pb|Win32 = Release_pb|Win32
		Release_pb|x64 = Release_pb|x64
		Release_pb|x86 = Release_pb|x86
		Release_pp|Win32 = Release_pp|Win32
		Release_pp|x64 = Release_pp|x64
		Release_pp|x86 = Release_pp|x86
		Release|Win32 = Release|Win32
		Release|x64 = Release|x64
		Release|x86 = Release|x86
		ReleaseMt|Win32 = ReleaseMt|Win32
		ReleaseMt|x64 = ReleaseMt|x64
		ReleaseMt|x86 = ReleaseMt|x86
	EndGlobalSection
	GlobalSection(ProjectConfigurationPlatforms) = postSolution
		{C5692CFC-8085-429F-AB8F-53E282189AB6}.Debug|Win32.ActiveCfg = Debug|Win32
		{C5692CFC-8085-429F-AB8F-53E282189AB6}.Debug|Win32.Build.0 = Debug|Win32
		{C5692CFC-8085-429F-AB8F-53E282189AB6}.Debug|x64.ActiveCfg = Debug|x64
		{C5692CFC-8085-429F-AB8F-53E282189AB6}.Debug|x64.Build.0 = Debug|x64
		{C5692CFC-8085-429F-AB8F-53E282189AB6}.Debug|x86.ActiveCfg = Debug|Win32
		{C5692CFC-8085-429F-AB8F-53E282189AB6}.Debug|x86.Build.0 = Debug|Win32
		{C5692CFC-8085-429F-AB8F-53E282189AB6}.Release_avx|Win32.ActiveCfg = Release_avx|Win32
		{C5692CFC-8085-429F-AB8F-53E282189AB6}.Release_avx|Win32.Build.0 = Release_avx|Win32
		{C5692CFC-8085-429F-AB8F-53E282189AB6}.Release_avx|x64.ActiveCfg = Release_avx|x64
		{C5692CFC-8085-429F-AB8F-53E282189AB6}.Release_avx|x64.Build.0 = Release_avx|x64
		{C5692CFC-8085-429F-AB8F-53E282189AB6}.Release_avx|x86.ActiveCfg = Release_avx|Win32
		{C5692CFC-8085-429F-AB8F-53E282189AB6}.Release_avx|x86.Build.0 = Release_avx|Win32
		{C5692CFC-8085-429F-AB8F-53E282189AB6}.Release_avx2|Win32.ActiveCfg = Release_avx2|Win32
		{C5692CFC-8085-429F-AB8F-53E282189AB6}.Release_avx2|Win32.Build.0 = Release_avx2|Win32
		{C5692CFC-8085-429F-AB8F-53E282189AB6}.Release_avx2|x64.ActiveCfg = Release_avx2|x64
		{C5692CFC-8085-429F-AB8F-53E282189AB6}.Release_avx2|x64.Build.0 = Release_avx2|x64
		{C5692CFC-8085-429F-AB8F-53E282189AB6}.Release_avx2|x86.ActiveCfg = Release_avx2|Win32
		{C5692CFC-8085-429F-AB8F-53E282189AB6}.Release_avx2|x86.Build.0 = Release_avx2|Win32
		{C5692CFC-8085-429F-AB8F-53E282189AB6}.Release_d|Win32.ActiveCfg = Release_d|Win32
		{C5692CFC-8085-429F-AB8F-53E282189AB6}.Release_d|Win32.Build.0 = Release_d|Win32
		{C5692CFC-8085-429F-AB8F-53E282189AB6}.Release_d|x64.ActiveCfg = Release_d|x64
		{C5692CFC-8085-429F-AB8F-53E282189AB6}.Release_d|x64.Build.0 = Release_d|x64
		{C5692CFC-8085-429F-AB8F-53E282189AB6}.Release_d|x86.ActiveCfg = Release_d|Win32
		{C5692CFC-8085-429F-AB8F-53E282189AB6}.Release_d|x86.Build.0 = Release_d|Win32
		{C5692CFC-8085-429F-AB8F-53E282189AB6}.Release_pb|Win32.ActiveCfg = Release_pb|Win32
		{C5692CFC-8085-429F-AB8F-53E282189AB6}.Release_pb|Win32.Build.0 = Release_pb|Win32
		{C5692CFC-8085-429F-AB8F-53E282189AB6}.Release_pb|x64.ActiveCfg = Release_pb|x64
		{C5692CFC-8085-429F-AB8F-53E282189AB6}.Release_pb|x64.Build.0 = Release_pb|x64
		{C5692CFC-8085-429F-AB8F-53E282189AB6}.Release_pb|x86.ActiveCfg = Release_pb|Win32
		{C5692CFC-8085-429F-AB8F-53E282189AB6}.Release_pb|x86.Build.0 = Release_pb|Win32
		{C5692CFC-8085-429F-AB8F-53E282189AB6}.Release_pp|Win32.ActiveCfg = Release_pp|Win32
		{C5692CFC-8085-429F-AB8F-53E282189AB6}.Release_pp|Win32.Build.0 = Release_pp|Win32
		{C5692CFC-8085-429F-AB8F-53E282189AB6}.Release_pp|x64.ActiveCfg = Release_pp|x64
		{C5692CFC-8085-429F-AB8F-53E282189AB6}.Release_pp|x64.Build.0 = Release_pp|x64
		{C5692CFC-8085-429F-AB8F-53E282189AB6}.Release_pp|x86.ActiveCfg = Release_pp|Win32
		{C5692CFC-8085-429F-AB8F-53E282189AB6}.Release_pp|x86.Build.0 = Release_pp|Win32
		{C5692CFC-8085-429F-AB8F-53E282189AB6}.Release|Win32.ActiveCfg = Release|Win32
		{C5692CFC-8085-429F-AB8F-53E282189AB6}.Release|Win32.Build.0 = Release|Win32
		{C5692CFC-8085-429F-AB8F-53E282189AB6}.Release|x64.ActiveCfg = Release|x64
		{C5692CFC-8085-429F-AB8F-53E282189AB6}.Release|x64.Build.0 = Release|x64
		{C5692CFC-8085-429F-AB8F-53E282189AB6}.Release|x86.ActiveCfg = Release|Win32
		{C5692CFC-8085-429F-AB8F-53E282189AB6}.Release|x86.Build.0 = Release|Win32
		{C5692CFC-8085-429F-AB8F-53E282189AB6}.ReleaseMt|Win32.ActiveCfg = Release_pb|Win32
		{C5692CFC-8085-429F-AB8F-53E282189AB6}.ReleaseMt|Win32.Build.0 = Release_pb|Win32
		{C5692CFC-8085-429F-AB8F-53E282189AB6}.ReleaseMt|x64.ActiveCfg = Release_pb|x64
		{C5692CFC-8085-429F-AB8F-53E282189AB6}.ReleaseMt|x64.Build.0 = Release_pb|x64
		{C5692CFC-8085-429F-AB8F-53E282189AB6}.ReleaseMt|x86.ActiveCfg = Release_pb|Win32
		{C5692CFC-8085-429F-AB8F-53E282189AB6}.ReleaseMt|x86.Build.0 = Release_pb|Win32
		{25B1AEC5-FF79-475B-AFA2-1936B7797005}.Debug|Win32.ActiveCfg = Debug|Win32
		{25B1AEC5-FF79-475B-AFA2-1936B7797005}.Debug|Win32.Build.0 = Debug|Win32
		{25B1AEC5-FF79-475B-AFA2-1936B7797005}.Debug|x64.ActiveCfg = Debug|x64
		{25B1AEC5-FF79-475B-AFA2-1936B7797005}.Debug|x64.Build.0 = Debug|x64
		{25B1AEC5-FF79-475B-AFA2-1936B7797005}.Debug|x86.ActiveCfg = Debug|Win32
		{25B1AEC5-FF79-475B-AFA2-1936B7797005}.Debug|x86.Build.0 = Debug|Win32
		{25B1AEC5-FF79-475B-AFA2-1936B7797005}.Release_avx|Win32.ActiveCfg = Release_pb|Win32
		{25B1AEC5-FF79-475B-AFA2-1936B7797005}.Release_avx|Win32.Build.0 = Release_pb|Win32
		{25B1AEC5-FF79-475B-AFA2-1936B7797005}.Release_avx|x64.ActiveCfg = Release_pb|x64
		{25B1AEC5-FF79-475B-AFA2-1936B7797005}.Release_avx|x64.Build.0 = Release_pb|x64
		{25B1AEC5-FF79-475B-AFA2-1936B7797005}.Release_avx|x86.ActiveCfg = Release_pb|Win32
		{25B1AEC5-FF79-475B-AFA2-1936B7797005}.Release_avx|x86.Build.0 = Release_pb|Win32
		{25B1AEC5-FF79-475B-AFA2-1936B7797005}.Release_avx2|Win32.ActiveCfg = Release_pb|Win32
		{25B1AEC5-FF79-475B-AFA2-1936B7797005}.Release_avx2|Win32.Build.0 = Release_pb|Win32
		{25B1AEC5-FF79-475B-AFA2-1936B7797005}.Release_avx2|x64.ActiveCfg = Release_pb|x64
		{25B1AEC5-FF79-475B-AFA2-1936B7797005}.Release_avx2|x64.Build.0 = Release_pb|x64
		{25B1AEC5-FF79-475B-AFA2-1936B7797005}.Release_avx2|x86.ActiveCfg = Release_pb|Win32
		{25B1AEC5-FF79-475B-AFA2-1936B7797005}.Release_avx2|x86.Build.0 = Release_pb|Win32
		{25B1AEC5-FF79-475B-AFA2-1936B7797005}.Release_d|Win32.ActiveCfg = Release_pb|Win32
		{25B1AEC5-FF79-475B-AFA2-1936B7797005}.Release_d|Win32.Build.0 = Release_pb|Win32
		{25B1AEC5-FF79-475B-AFA2-1936B7797005}.Release_d|x64.ActiveCfg = Release_pb|x64
		{25B1AEC5-FF79-475B-AFA2-1936B7797005}.Release_d|x64.Build.0 = Release_pb|x64
		{25B1AEC5-FF79-475B-AFA2-1936B7797005}.Release_d|x86.ActiveCfg = Release_pb|Win32
		{25B1AEC5-FF79-475B-AFA2-1936B7797005}.Release_d|x86.Build.0 = Release_pb|Win32
		{25B1AEC5-FF79-475B-AFA2-1936B7797005}.Release_pb|Win32.ActiveCfg = Release_pb|Win32
		{25B1AEC5-FF79-475B-AFA2-1936B7797005}.Release_pb|Win32.Build.0 = Release_pb|Win32
		{25B1AEC5-FF79-475B-AFA2-1936B7797005}.Release_pb|x64.ActiveCfg = Release_pb|x64
		{25B1AEC5-FF79-475B-AFA2-1936B7797005}.Release_pb|x64.Build.0 = Release_pb|x64
		{25B1AEC5-FF79-475B-AFA2-1936B7797005}.Release_pb|x86.ActiveCfg = Release_pb|Win32
		{25B1AEC5-FF79-475B-AFA2-1936B7797005}.Release_pb|x86.Build.0 = Release_pb|Win32
		{25B1AEC5-FF79-475B-AFA2-1936B7797005}.Release_pp|Win32.ActiveCfg = Release_pb|Win32
		{25B1AEC5-FF79-475B-AFA2-1936B7797005}.Release_pp|Win32.Build.0 = Release_pb|Win32
		{25B1AEC5-FF79-475B-AFA2-1936B7797005}.Release_pp|x64.ActiveCfg = Release_pb|x64
		{25B1AEC5-FF79-475B-AFA2-1936B7797005}.Release_pp|x64.Build.0 = Release_pb|x64
		{25B1AEC5-FF79-475B-AFA2-1936B7797005}.Release_pp|x86.ActiveCfg = Release_pb|Win32
		{25B1AEC5-FF79-475B-AFA2-1936B7797005}.Release_pp|x86.Build.0 = Release_pb|Win32
		{25B1AEC5-FF79-475B-AFA2-1936B7797005}.Release|Win32.ActiveCfg = Release|Win32
		{25B1AEC5-FF79-475B-AFA2-1936B7797005}.Release|Win32.Build.0 = Release|Win32
		{25B1AEC5-FF79-475B-AFA2-1936B7797005}.Release|x64.ActiveCfg = Release|x64
		{25B1AEC5-FF79-475B-AFA2-1936B7797005}.Release|x64.Build.0 = Release|x64
		{25B1AEC5-FF79-475B-AFA2-1936B7797005}.Release|x86.ActiveCfg = Release|Win32
		{25B1AEC5-FF79-475B-AFA2-1936B7797005}.Release|x86.Build.0 = Release|Win32
		{25B1AEC5-FF79-475B-AFA2-1936B7797005}.ReleaseMt|Win32.ActiveCfg = ReleaseMt|Win32
		{25B1AEC5-FF79-475B-AFA2-1936B7797005}.ReleaseMt|Win32.Build.0 = ReleaseMt|Win32
		{25B1AEC5-FF79-475B-AFA2-1936B7797005}.ReleaseMt|x64.ActiveCfg = ReleaseMt|x64
		{25B1AEC5-FF79-475B-AFA2-1936B7797005}.ReleaseMt|x64.Build.0 = ReleaseMt|x64
		{25B1AEC5-FF79-475B-AFA2-1936B7797005}.ReleaseMt|x86.ActiveCfg = ReleaseMt|Win32
		{25B1AEC5-FF79-475B-AFA2-1936B7797005}.ReleaseMt|x86.Build.0 = ReleaseMt|Win32
	EndGlobalSection
	GlobalSection(SolutionProperties) = preSolution
		HideSolutionNode = FALSE
	EndGlobalSection
	GlobalSection(ExtensibilityGlobals) = postSolution
		SolutionGuid = {9EE33444-61A8-45F4-9368-E10B022EAFB6}
	EndGlobalSection
	GlobalSection(Performance) = preSolution
		HasPerformanceSessions = true
	EndGlobalSection
	GlobalSection(Performance) = preSolution
		HasPerformanceSessions = true
	EndGlobalSection
	GlobalSection(Performance) = preSolution
		HasPerformanceSessions = true
	EndGlobalSection
	GlobalSection(Performance) = preSolution
		HasPerformanceSessions = true
	EndGlobalSection
EndGlobal
